
Microsoft Visual Studio Solution File, Format Version 12.00
# Visual Studio Version 16
VisualStudioVersion = 16.0.31605.320
MinimumVisualStudioVersion = 10.0.40219.1
Project("{9A19103F-16F7-4668-BE54-9A1E7A4F7556}") = "AkkaNeo4j", "AkkaNeo4j\AkkaNeo4j.csproj", "{28B2F2B1-9E9C-4E8C-B88A-3C2E46117098}"
EndProject
Project("{E53339B2-1760-4266-BCC7-CA923CBCF16C}") = "docker-compose", "docker-compose.dcproj", "{84B4C9E6-9532-44D0-9D72-5ECE67D6D1EF}"
EndProject
Project("{2150E333-8FDC-42A3-9474-1A3956D46DE8}") = "Solution Items", "Solution Items", "{C9CC5DB2-587B-4EF5-850A-689B8403AAF2}"
	ProjectSection(SolutionItems) = preProject
		readme.MD = readme.MD
	EndProjectSection
EndProject
Global
	GlobalSection(SolutionConfigurationPlatforms) = preSolution
		Debug|Any CPU = Debug|Any CPU
		Release|Any CPU = Release|Any CPU
	EndGlobalSection
	GlobalSection(ProjectConfigurationPlatforms) = postSolution
		{28B2F2B1-9E9C-4E8C-B88A-3C2E46117098}.Debug|Any CPU.ActiveCfg = Debug|Any CPU
		{28B2F2B1-9E9C-4E8C-B88A-3C2E46117098}.Debug|Any CPU.Build.0 = Debug|Any CPU
		{28B2F2B1-9E9C-4E8C-B88A-3C2E46117098}.Release|Any CPU.ActiveCfg = Release|Any CPU
		{28B2F2B1-9E9C-4E8C-B88A-3C2E46117098}.Release|Any CPU.Build.0 = Release|Any CPU
		{84B4C9E6-9532-44D0-9D72-5ECE67D6D1EF}.Debug|Any CPU.ActiveCfg = Debug|Any CPU
		{84B4C9E6-9532-44D0-9D72-5ECE67D6D1EF}.Debug|Any CPU.Build.0 = Debug|Any CPU
		{84B4C9E6-9532-44D0-9D72-5ECE67D6D1EF}.Release|Any CPU.ActiveCfg = Release|Any CPU
		{84B4C9E6-9532-44D0-9D72-5ECE67D6D1EF}.Release|Any CPU.Build.0 = Release|Any CPU
	EndGlobalSection
	GlobalSection(SolutionProperties) = preSolution
		HideSolutionNode = FALSE
	EndGlobalSection
	GlobalSection(ExtensibilityGlobals) = postSolution
		SolutionGuid = {61CE68B8-9EA5-48EA-8F03-509D0C4125C7}
	EndGlobalSection
EndGlobal
